{
  "name": "twinkstar-web-access",
  "version": "2.0.0",
  "lockfileVersion": 3,
  "requires": true,
  "packages": {
    "": {
      "name": "twinkstar-web-access",
      "version": "2.0.0",
      "license": "MIT",
      "dependencies": {
        "@hana/app-sdk": "file:./vendor/hana-app-sdk.tgz"
      },
      "engines": {
        "node": ">=22"
      }
    },
    "node_modules/@hana/app-sdk": {
      "version": "1.0.0-beta",
      "resolved": "file:vendor/hana-app-sdk.tgz",
      "integrity": "sha512-ojda8nESQuf2MexS6Zj3xh1TQWbEJYL8ZdxA2QC0jL+FfNZboJmFqY6k9kHESQi87uNxEDxKOEgmK2Uf6A5EXA==",
      "license": "Apache-2.0",
      "peerDependencies": {
        "react": ">=19",
        "react-dom": ">=19"
      },
      "peerDependenciesMeta": {
        "react": {
          "optional": true
        },
        "react-dom": {
          "optional": true
        }
      }
    }
  }
}
